
Microsoft Visual Studio Solution File, Format Version 12.00
Project("{2150E333-8FDC-42A3-9474-1A3956D46DE8}") = "Server", "Server", "{A7E8526B-0517-4609-AD74-5C0E24B3798C}"
EndProject
Project("{FAE04EC0-301F-11D3-BF4B-00C04F79EFBC}") = "Entities", "Server\Entities\Entities.csproj", "{0F066EA6-0F19-41E7-B438-81870CA9F4FC}"
EndProject
Project("{FAE04EC0-301F-11D3-BF4B-00C04F79EFBC}") = "RepositoryContracts", "Server\RepositoryContracts\RepositoryContracts.csproj", "{90CAC2A4-904A-43BB-A6C5-F477456FBCBA}"
EndProject
Project("{FAE04EC0-301F-11D3-BF4B-00C04F79EFBC}") = "InMemoryRepositories", "Server\InMemoryRepositories\InMemoryRepositories.csproj", "{D984FADB-A145-401C-99B0-33E357C1839A}"
EndProject
Project("{FAE04EC0-301F-11D3-BF4B-00C04F79EFBC}") = "CLI", "Server\CLI\CLI.csproj", "{6DD8F128-1FFC-490B-84EE-771A34424A11}"
	ProjectSection(ProjectDependencies) = postProject
		{64E263BF-DF4E-4C04-BEC5-41FFBC44281E} = {64E263BF-DF4E-4C04-BEC5-41FFBC44281E}
	EndProjectSection
EndProject
Project("{FAE04EC0-301F-11D3-BF4B-00C04F79EFBC}") = "FileRepositories", "Server\FileRepositories\FileRepositories.csproj", "{64E263BF-DF4E-4C04-BEC5-41FFBC44281E}"
	ProjectSection(ProjectDependencies) = postProject
		{0F066EA6-0F19-41E7-B438-81870CA9F4FC} = {0F066EA6-0F19-41E7-B438-81870CA9F4FC}
		{90CAC2A4-904A-43BB-A6C5-F477456FBCBA} = {90CAC2A4-904A-43BB-A6C5-F477456FBCBA}
	EndProjectSection
EndProject
Project("{2150E333-8FDC-42A3-9474-1A3956D46DE8}") = "Shared", "Shared", "{E90A88F8-22E0-4B32-B18E-E3B78B8FF06B}"
EndProject
Project("{FAE04EC0-301F-11D3-BF4B-00C04F79EFBC}") = "ApiContracts_Dto", "Shared\ApiContracts_Dto\ApiContracts_Dto.csproj", "{2575A341-3CC7-4DC7-99F5-FF73191F89D5}"
EndProject
Project("{FAE04EC0-301F-11D3-BF4B-00C04F79EFBC}") = "WebAPI", "Server\WebAPI\WebAPI.csproj", "{6C8FC469-0F79-4188-B8DD-76C12F7A88D7}"
EndProject
Project("{2150E333-8FDC-42A3-9474-1A3956D46DE8}") = "Client", "Client", "{B9742A28-6A07-4628-B573-F5B9021DDE9D}"
EndProject
Project("{FAE04EC0-301F-11D3-BF4B-00C04F79EFBC}") = "BlazorApp", "Client\BlazorApp\BlazorApp.csproj", "{7520ED84-B8E3-4ABA-92BA-03493937A03A}"
EndProject
Global
	GlobalSection(SolutionConfigurationPlatforms) = preSolution
		Debug|Any CPU = Debug|Any CPU
		Release|Any CPU = Release|Any CPU
	EndGlobalSection
	GlobalSection(NestedProjects) = preSolution
		{0F066EA6-0F19-41E7-B438-81870CA9F4FC} = {A7E8526B-0517-4609-AD74-5C0E24B3798C}
		{90CAC2A4-904A-43BB-A6C5-F477456FBCBA} = {A7E8526B-0517-4609-AD74-5C0E24B3798C}
		{D984FADB-A145-401C-99B0-33E357C1839A} = {A7E8526B-0517-4609-AD74-5C0E24B3798C}
		{6DD8F128-1FFC-490B-84EE-771A34424A11} = {A7E8526B-0517-4609-AD74-5C0E24B3798C}
		{64E263BF-DF4E-4C04-BEC5-41FFBC44281E} = {A7E8526B-0517-4609-AD74-5C0E24B3798C}
		{2575A341-3CC7-4DC7-99F5-FF73191F89D5} = {E90A88F8-22E0-4B32-B18E-E3B78B8FF06B}
		{6C8FC469-0F79-4188-B8DD-76C12F7A88D7} = {A7E8526B-0517-4609-AD74-5C0E24B3798C}
		{7520ED84-B8E3-4ABA-92BA-03493937A03A} = {B9742A28-6A07-4628-B573-F5B9021DDE9D}
	EndGlobalSection
	GlobalSection(ProjectConfigurationPlatforms) = postSolution
		{0F066EA6-0F19-41E7-B438-81870CA9F4FC}.Debug|Any CPU.ActiveCfg = Debug|Any CPU
		{0F066EA6-0F19-41E7-B438-81870CA9F4FC}.Debug|Any CPU.Build.0 = Debug|Any CPU
		{0F066EA6-0F19-41E7-B438-81870CA9F4FC}.Release|Any CPU.ActiveCfg = Release|Any CPU
		{0F066EA6-0F19-41E7-B438-81870CA9F4FC}.Release|Any CPU.Build.0 = Release|Any CPU
		{90CAC2A4-904A-43BB-A6C5-F477456FBCBA}.Debug|Any CPU.ActiveCfg = Debug|Any CPU
		{90CAC2A4-904A-43BB-A6C5-F477456FBCBA}.Debug|Any CPU.Build.0 = Debug|Any CPU
		{90CAC2A4-904A-43BB-A6C5-F477456FBCBA}.Release|Any CPU.ActiveCfg = Release|Any CPU
		{90CAC2A4-904A-43BB-A6C5-F477456FBCBA}.Release|Any CPU.Build.0 = Release|Any CPU
		{D984FADB-A145-401C-99B0-33E357C1839A}.Debug|Any CPU.ActiveCfg = Debug|Any CPU
		{D984FADB-A145-401C-99B0-33E357C1839A}.Debug|Any CPU.Build.0 = Debug|Any CPU
		{D984FADB-A145-401C-99B0-33E357C1839A}.Release|Any CPU.ActiveCfg = Release|Any CPU
		{D984FADB-A145-401C-99B0-33E357C1839A}.Release|Any CPU.Build.0 = Release|Any CPU
		{6DD8F128-1FFC-490B-84EE-771A34424A11}.Debug|Any CPU.ActiveCfg = Debug|Any CPU
		{6DD8F128-1FFC-490B-84EE-771A34424A11}.Debug|Any CPU.Build.0 = Debug|Any CPU
		{6DD8F128-1FFC-490B-84EE-771A34424A11}.Release|Any CPU.ActiveCfg = Release|Any CPU
		{6DD8F128-1FFC-490B-84EE-771A34424A11}.Release|Any CPU.Build.0 = Release|Any CPU
		{64E263BF-DF4E-4C04-BEC5-41FFBC44281E}.Debug|Any CPU.ActiveCfg = Debug|Any CPU
		{64E263BF-DF4E-4C04-BEC5-41FFBC44281E}.Debug|Any CPU.Build.0 = Debug|Any CPU
		{64E263BF-DF4E-4C04-BEC5-41FFBC44281E}.Release|Any CPU.ActiveCfg = Release|Any CPU
		{64E263BF-DF4E-4C04-BEC5-41FFBC44281E}.Release|Any CPU.Build.0 = Release|Any CPU
		{2575A341-3CC7-4DC7-99F5-FF73191F89D5}.Debug|Any CPU.ActiveCfg = Debug|Any CPU
		{2575A341-3CC7-4DC7-99F5-FF73191F89D5}.Debug|Any CPU.Build.0 = Debug|Any CPU
		{2575A341-3CC7-4DC7-99F5-FF73191F89D5}.Release|Any CPU.ActiveCfg = Release|Any CPU
		{2575A341-3CC7-4DC7-99F5-FF73191F89D5}.Release|Any CPU.Build.0 = Release|Any CPU
		{6C8FC469-0F79-4188-B8DD-76C12F7A88D7}.Debug|Any CPU.ActiveCfg = Debug|Any CPU
		{6C8FC469-0F79-4188-B8DD-76C12F7A88D7}.Debug|Any CPU.Build.0 = Debug|Any CPU
		{6C8FC469-0F79-4188-B8DD-76C12F7A88D7}.Release|Any CPU.ActiveCfg = Release|Any CPU
		{6C8FC469-0F79-4188-B8DD-76C12F7A88D7}.Release|Any CPU.Build.0 = Release|Any CPU
		{7520ED84-B8E3-4ABA-92BA-03493937A03A}.Debug|Any CPU.ActiveCfg = Debug|Any CPU
		{7520ED84-B8E3-4ABA-92BA-03493937A03A}.Debug|Any CPU.Build.0 = Debug|Any CPU
		{7520ED84-B8E3-4ABA-92BA-03493937A03A}.Release|Any CPU.ActiveCfg = Release|Any CPU
		{7520ED84-B8E3-4ABA-92BA-03493937A03A}.Release|Any CPU.Build.0 = Release|Any CPU
	EndGlobalSection
EndGlobal
